
Microsoft Visual Studio Solution File, Format Version 12.00
# Visual Studio 15
VisualStudioVersion = 15.0.27703.2042
MinimumVisualStudioVersion = 10.0.40219.1
Project("{FAE04EC0-301F-11D3-BF4B-00C04F79EFBC}") = "AdventureParser", "AdventureParser\AdventureParser.csproj", "{ACF70DC3-17CB-4833-9A8E-FB3D01E7795E}"
EndProject
Global
	GlobalSection(SolutionConfigurationPlatforms) = preSolution
		Debug|Any CPU = Debug|Any CPU
		Release|Any CPU = Release|Any CPU
	EndGlobalSection
	GlobalSection(ProjectConfigurationPlatforms) = postSolution
		{ACF70DC3-17CB-4833-9A8E-FB3D01E7795E}.Debug|Any CPU.ActiveCfg = Debug|Any CPU
		{ACF70DC3-17CB-4833-9A8E-FB3D01E7795E}.Debug|Any CPU.Build.0 = Debug|Any CPU
		{ACF70DC3-17CB-4833-9A8E-FB3D01E7795E}.Release|Any CPU.ActiveCfg = Release|Any CPU
		{ACF70DC3-17CB-4833-9A8E-FB3D01E7795E}.Release|Any CPU.Build.0 = Release|Any CPU
	EndGlobalSection
	GlobalSection(SolutionProperties) = preSolution
		HideSolutionNode = FALSE
	EndGlobalSection
	GlobalSection(ExtensibilityGlobals) = postSolution
		SolutionGuid = {73BD779E-2864-425E-AFE0-1853E36A83EB}
	EndGlobalSection
EndGlobal
